
Microsoft Visual Studio Solution File, Format Version 12.00
# Visual Studio Version 17
VisualStudioVersion = 17.10.35013.160
MinimumVisualStudioVersion = 10.0.40219.1
Project("{FAE04EC0-301F-11D3-BF4B-00C04F79EFBC}") = "VCardGenerator", "VCardGenerator\VCardGenerator.csproj", "{9A6C35FE-B8CC-479B-B0A0-14A546D2B08E}"
EndProject
Global
	GlobalSection(SolutionConfigurationPlatforms) = preSolution
		Debug|Any CPU = Debug|Any CPU
		Release|Any CPU = Release|Any CPU
	EndGlobalSection
	GlobalSection(ProjectConfigurationPlatforms) = postSolution
		{9A6C35FE-B8CC-479B-B0A0-14A546D2B08E}.Debug|Any CPU.ActiveCfg = Debug|Any CPU
		{9A6C35FE-B8CC-479B-B0A0-14A546D2B08E}.Debug|Any CPU.Build.0 = Debug|Any CPU
		{9A6C35FE-B8CC-479B-B0A0-14A546D2B08E}.Release|Any CPU.ActiveCfg = Release|Any CPU
		{9A6C35FE-B8CC-479B-B0A0-14A546D2B08E}.Release|Any CPU.Build.0 = Release|Any CPU
	EndGlobalSection
	GlobalSection(SolutionProperties) = preSolution
		HideSolutionNode = FALSE
	EndGlobalSection
	GlobalSection(ExtensibilityGlobals) = postSolution
		SolutionGuid = {3761D122-4250-4B87-A4DC-2E0B4D4C8473}
	EndGlobalSection
EndGlobal
